<?xml version="1.0" encoding="utf-8"?>
<Project ToolsVersion="4.0" xmlns="http://schemas.microsoft.com/developer/msbuild/2003">
  <ItemGroup>
    <Filter Include="include">
      <UniqueIdentifier>{93995380-89BD-4b04-88EB-625FBE52EBFB}</UniqueIdentifier>
      <Extensions>h;hh;hpp;hxx;h++;hm;inl;inc;ipp;xsd</Extensions>
    </Filter>
    <Filter Include="src">
      <UniqueIdentifier>{4FC737F1-C7A5-4376-A066-2A32D752A2FF}</UniqueIdentifier>
      <Extensions>cpp;c;cc;cxx;c++;cppm;ixx;def;odl;idl;hpj;bat;asm;asmx</Extensions>
    </Filter>
    <Filter Include="third_party">
      <UniqueIdentifier>{755063d9-7a36-4175-80f6-8ecee049e61c}</UniqueIdentifier>
    </Filter>
    <Filter Include="models">
      <UniqueIdentifier>{167e4803-3ea7-4587-9d1c-32c98fded697}</UniqueIdentifier>
    </Filter>
  </ItemGroup>
  <ItemGroup>
    <ClInclude Include="framework.h">
      <Filter>include</Filter>
    </ClInclude>
    <ClInclude Include="pch.h">
      <Filter>include</Filter>
    </ClInclude>
    <ClInclude Include="VisionEngine.h">
      <Filter>include</Filter>
    </ClInclude>
    <ClInclude Include="VisionTypes.h">
      <Filter>include</Filter>
    </ClInclude>
    <ClInclude Include="YoloEngine.h">
      <Filter>include</Filter>
    </ClInclude>
    <ClInclude Include="YoloTypes.h">
      <Filter>include</Filter>
    </ClInclude>
  </ItemGroup>
  <ItemGroup>
    <ClCompile Include="pch.cpp">
      <Filter>src</Filter>
    </ClCompile>
    <ClCompile Include="VisionEngine.cpp">
      <Filter>src</Filter>
    </ClCompile>
    <ClCompile Include="dllmain.cpp">
      <Filter>src</Filter>
    </ClCompile>
    <ClCompile Include="YoloEngine.cpp">
      <Filter>src</Filter>
    </ClCompile>
  </ItemGroup>
  <ItemGroup>
    <Text Include="CMakeLists.txt" />
    <Text Include="export_onnx.py">
      <Filter>models</Filter>
    </Text>
  </ItemGroup>
</Project>